
Microsoft Visual Studio Solution File, Format Version 12.00
# Visual Studio Version 16
VisualStudioVersion = 16.0.30907.101
MinimumVisualStudioVersion = 10.0.40219.1
Project("{F2A71F9B-5D33-465A-A702-920D77279786}") = "Homework2", "Homework2.fsproj", "{2DFD6122-4EB6-408D-8DB6-5CEE0766C840}"
EndProject
Global
	GlobalSection(SolutionConfigurationPlatforms) = preSolution
		Debug|Any CPU = Debug|Any CPU
		Release|Any CPU = Release|Any CPU
	EndGlobalSection
	GlobalSection(ProjectConfigurationPlatforms) = postSolution
		{2DFD6122-4EB6-408D-8DB6-5CEE0766C840}.Debug|Any CPU.ActiveCfg = Debug|Any CPU
		{2DFD6122-4EB6-408D-8DB6-5CEE0766C840}.Debug|Any CPU.Build.0 = Debug|Any CPU
		{2DFD6122-4EB6-408D-8DB6-5CEE0766C840}.Release|Any CPU.ActiveCfg = Release|Any CPU
		{2DFD6122-4EB6-408D-8DB6-5CEE0766C840}.Release|Any CPU.Build.0 = Release|Any CPU
	EndGlobalSection
	GlobalSection(SolutionProperties) = preSolution
		HideSolutionNode = FALSE
	EndGlobalSection
	GlobalSection(ExtensibilityGlobals) = postSolution
		SolutionGuid = {A83C1910-BE84-4457-A33F-B65CECB3BF6B}
	EndGlobalSection
EndGlobal
